PODS:
  - WhimRandom (0.2.0):
    - WhimRandom/Core (= 0.2.0)
  - WhimRandom/Core (0.2.0)

DEPENDENCIES:
  - WhimRandom (from `../`)

EXTERNAL SOURCES:
  WhimRandom:
    :path: "../"

SPEC CHECKSUMS:
  WhimRandom: 1a28a4485de6383c573c11d3b6b93ad9084809da

PODFILE CHECKSUM: 06324c78f4ba815e6e81062206bf84164bea7e2f

COCOAPODS: 1.16.2
