PODS:
  - WhimRandom (0.1.0):
    - WhimRandom/Core (= 0.1.0)
  - WhimRandom/Core (0.1.0)

DEPENDENCIES:
  - WhimRandom (from `../`)

EXTERNAL SOURCES:
  WhimRandom:
    :path: "../"

SPEC CHECKSUMS:
  WhimRandom: 69158b4a2e716233ea8027e75cf04fc62531bbfd

PODFILE CHECKSUM: 06324c78f4ba815e6e81062206bf84164bea7e2f

COCOAPODS: 1.11.3
